
Microsoft Visual Studio Solution File, Format Version 12.00
# Visual Studio Version 16
VisualStudioVersion = 16.0.29709.97
MinimumVisualStudioVersion = 10.0.40219.1
Project("{8BC9CEB8-8B4A-11D0-8D11-00A0C91BC942}") = "CryptLib", "CryptLib\CryptLib.vcxproj", "{F559F9D7-4712-4523-9ADE-F3C552E52D70}"
EndProject
Project("{8BC9CEB8-8B4A-11D0-8D11-00A0C91BC942}") = "TestCryptLib", "TestCryptLib\TestCryptLib.vcxproj", "{34ECAA17-44B0-4FEC-9D9A-45C8D14C76F2}"
	ProjectSection(ProjectDependencies) = postProject
		{F559F9D7-4712-4523-9ADE-F3C552E52D70} = {F559F9D7-4712-4523-9ADE-F3C552E52D70}
	EndProjectSection
EndProject
Project("{8BC9CEB8-8B4A-11D0-8D11-00A0C91BC942}") = "RegressionTest", "RegressionTest\RegressionTest.vcxproj", "{37B48766-FC02-4620-B271-5EDC5B2F79B4}"
EndProject
Project("{8BC9CEB8-8B4A-11D0-8D11-00A0C91BC942}") = "DecryptTool", "DecryptTool\DecryptTool.vcxproj", "{48BFBC9A-7993-497D-9568-F99A674E345F}"
EndProject
Global
	GlobalSection(SolutionConfigurationPlatforms) = preSolution
		Debug|x64 = Debug|x64
		Debug|x86 = Debug|x86
		Release|x64 = Release|x64
		Release|x86 = Release|x86
	EndGlobalSection
	GlobalSection(ProjectConfigurationPlatforms) = postSolution
		{F559F9D7-4712-4523-9ADE-F3C552E52D70}.Debug|x64.ActiveCfg = Debug|x64
		{F559F9D7-4712-4523-9ADE-F3C552E52D70}.Debug|x64.Build.0 = Debug|x64
		{F559F9D7-4712-4523-9ADE-F3C552E52D70}.Debug|x86.ActiveCfg = Debug|Win32
		{F559F9D7-4712-4523-9ADE-F3C552E52D70}.Debug|x86.Build.0 = Debug|Win32
		{F559F9D7-4712-4523-9ADE-F3C552E52D70}.Release|x64.ActiveCfg = Release|x64
		{F559F9D7-4712-4523-9ADE-F3C552E52D70}.Release|x64.Build.0 = Release|x64
		{F559F9D7-4712-4523-9ADE-F3C552E52D70}.Release|x86.ActiveCfg = Release|Win32
		{F559F9D7-4712-4523-9ADE-F3C552E52D70}.Release|x86.Build.0 = Release|Win32
		{34ECAA17-44B0-4FEC-9D9A-45C8D14C76F2}.Debug|x64.ActiveCfg = Debug|x64
		{34ECAA17-44B0-4FEC-9D9A-45C8D14C76F2}.Debug|x86.ActiveCfg = Debug|Win32
		{34ECAA17-44B0-4FEC-9D9A-45C8D14C76F2}.Debug|x86.Build.0 = Debug|Win32
		{34ECAA17-44B0-4FEC-9D9A-45C8D14C76F2}.Release|x64.ActiveCfg = Release|x64
		{34ECAA17-44B0-4FEC-9D9A-45C8D14C76F2}.Release|x64.Build.0 = Release|x64
		{34ECAA17-44B0-4FEC-9D9A-45C8D14C76F2}.Release|x86.ActiveCfg = Release|Win32
		{34ECAA17-44B0-4FEC-9D9A-45C8D14C76F2}.Release|x86.Build.0 = Release|Win32
		{37B48766-FC02-4620-B271-5EDC5B2F79B4}.Debug|x64.ActiveCfg = Debug|x64
		{37B48766-FC02-4620-B271-5EDC5B2F79B4}.Debug|x86.ActiveCfg = Debug|Win32
		{37B48766-FC02-4620-B271-5EDC5B2F79B4}.Debug|x86.Build.0 = Debug|Win32
		{37B48766-FC02-4620-B271-5EDC5B2F79B4}.Release|x64.ActiveCfg = Release|x64
		{37B48766-FC02-4620-B271-5EDC5B2F79B4}.Release|x64.Build.0 = Release|x64
		{37B48766-FC02-4620-B271-5EDC5B2F79B4}.Release|x86.ActiveCfg = Release|Win32
		{37B48766-FC02-4620-B271-5EDC5B2F79B4}.Release|x86.Build.0 = Release|Win32
		{48BFBC9A-7993-497D-9568-F99A674E345F}.Debug|x64.ActiveCfg = Debug|x64
		{48BFBC9A-7993-497D-9568-F99A674E345F}.Debug|x64.Build.0 = Debug|x64
		{48BFBC9A-7993-497D-9568-F99A674E345F}.Debug|x86.ActiveCfg = Debug|Win32
		{48BFBC9A-7993-497D-9568-F99A674E345F}.Debug|x86.Build.0 = Debug|Win32
		{48BFBC9A-7993-497D-9568-F99A674E345F}.Release|x64.ActiveCfg = Release|x64
		{48BFBC9A-7993-497D-9568-F99A674E345F}.Release|x64.Build.0 = Release|x64
		{48BFBC9A-7993-497D-9568-F99A674E345F}.Release|x86.ActiveCfg = Release|Win32
		{48BFBC9A-7993-497D-9568-F99A674E345F}.Release|x86.Build.0 = Release|Win32
	EndGlobalSection
	GlobalSection(SolutionProperties) = preSolution
		HideSolutionNode = FALSE
	EndGlobalSection
	GlobalSection(ExtensibilityGlobals) = postSolution
		SolutionGuid = {D5770302-39D7-407C-BA70-022D9E5C1123}
	EndGlobalSection
EndGlobal
